Microsoft Visual Studio Solution File, Format Version 12.00
# Visual Studio Version 17
VisualStudioVersion = 17.14.35821.62
MinimumVisualStudioVersion = 10.0.40219.1
Project("{FAE04EC0-301F-11D3-BF4B-00C04F79EFBC}") = "WebApplication1", "WebApplication1\WebApplication1.csproj", "{01577773-CD29-44E9-BC6D-D2CD44A3962C}"
EndProject
Global
	GlobalSection(SolutionConfigurationPlatforms) = preSolution
		Debug|Any CPU = Debug|Any CPU
		Release|Any CPU = Release|Any CPU
	EndGlobalSection
	GlobalSection(ProjectConfigurationPlatforms) = postSolution
		{01577773-CD29-44E9-BC6D-D2CD44A3962C}.Debug|Any CPU.ActiveCfg = Debug|Any CPU
		{01577773-CD29-44E9-BC6D-D2CD44A3962C}.Debug|Any CPU.Build.0 = Debug|Any CPU
		{01577773-CD29-44E9-BC6D-D2CD44A3962C}.Release|Any CPU.ActiveCfg = Release|Any CPU
		{01577773-CD29-44E9-BC6D-D2CD44A3962C}.Release|Any CPU.Build.0 = Release|Any CPU
	EndGlobalSection
	GlobalSection(SolutionProperties) = preSolution
		HideSolutionNode = FALSE
	EndGlobalSection
	GlobalSection(ExtensibilityGlobals) = postSolution
		SolutionGuid = {6EA6D620-72CC-4EE2-B08A-F01DE2F0E3B4}
	EndGlobalSection
EndGlobal
